
Microsoft Visual Studio Solution File, Format Version 11.00
# Visual Studio 2010
Project("{FAE04EC0-301F-11D3-BF4B-00C04F79EFBC}") = "Assembly-CSharp", "Assembly-CSharp.csproj", "{2d24da93-d8e3-370a-993b-44d4e61c718a}"
EndProject
Project("{FAE04EC0-301F-11D3-BF4B-00C04F79EFBC}") = "PhotonUnityNetworking.Demos", "PhotonUnityNetworking.Demos.csproj", "{30c43da2-c931-4b27-6f4b-e6a98768c47b}"
EndProject
Project("{FAE04EC0-301F-11D3-BF4B-00C04F79EFBC}") = "PhotonRealtime", "PhotonRealtime.csproj", "{41259f0e-f42c-6f8c-f936-ce168dea7a8f}"
EndProject
Project("{FAE04EC0-301F-11D3-BF4B-00C04F79EFBC}") = "PhotonUnityNetworking", "PhotonUnityNetworking.csproj", "{73c042c2-eac4-25dc-13b2-eb35589a361c}"
EndProject
Project("{FAE04EC0-301F-11D3-BF4B-00C04F79EFBC}") = "PhotonUnityNetworking.Utilities", "PhotonUnityNetworking.Utilities.csproj", "{f9298a1e-1b26-7bd5-327f-439458937190}"
EndProject
Project("{FAE04EC0-301F-11D3-BF4B-00C04F79EFBC}") = "PhotonChat", "PhotonChat.csproj", "{58b79a08-738d-4a7e-9b95-1deca7c26ca6}"
EndProject
Project("{FAE04EC0-301F-11D3-BF4B-00C04F79EFBC}") = "PhotonUnityNetworking.Editor", "PhotonUnityNetworking.Editor.csproj", "{d073f97a-20d3-7adc-0036-c53cbdc88c22}"
EndProject
Project("{FAE04EC0-301F-11D3-BF4B-00C04F79EFBC}") = "PhotonUnityNetworking.Utilities.PhotonPlayer.Editor", "PhotonUnityNetworking.Utilities.PhotonPlayer.Editor.csproj", "{a4cc4382-b013-2a85-406f-432a49221994}"
EndProject
Project("{FAE04EC0-301F-11D3-BF4B-00C04F79EFBC}") = "PunDemos.DemoSlotcarEditor", "PunDemos.DemoSlotcarEditor.csproj", "{326bbde7-d3b0-d1b2-a705-25957b87252f}"
EndProject
Project("{FAE04EC0-301F-11D3-BF4B-00C04F79EFBC}") = "PhotonUnityNetworking.Utilities.Culling.Editor", "PhotonUnityNetworking.Utilities.Culling.Editor.csproj", "{24503203-1709-1374-ff53-a8f167d56b9c}"
EndProject
Project("{FAE04EC0-301F-11D3-BF4B-00C04F79EFBC}") = "PunDemos.DemoHubEditor", "PunDemos.DemoHubEditor.csproj", "{b534ee50-5431-bba4-b7d7-7bd0a051a0e6}"
EndProject
Project("{FAE04EC0-301F-11D3-BF4B-00C04F79EFBC}") = "Assembly-CSharp-Editor", "Assembly-CSharp-Editor.csproj", "{2bdd55cc-01d7-d172-60b2-72404839effa}"
EndProject
Global
	GlobalSection(SolutionConfigurationPlatforms) = preSolution
		Debug|Any CPU = Debug|Any CPU
	EndGlobalSection
	GlobalSection(ProjectConfigurationPlatforms) = postSolution
		{2d24da93-d8e3-370a-993b-44d4e61c718a}.Debug|Any CPU.ActiveCfg = Debug|Any CPU
		{2d24da93-d8e3-370a-993b-44d4e61c718a}.Debug|Any CPU.Build.0 = Debug|Any CPU
		{30c43da2-c931-4b27-6f4b-e6a98768c47b}.Debug|Any CPU.ActiveCfg = Debug|Any CPU
		{30c43da2-c931-4b27-6f4b-e6a98768c47b}.Debug|Any CPU.Build.0 = Debug|Any CPU
		{41259f0e-f42c-6f8c-f936-ce168dea7a8f}.Debug|Any CPU.ActiveCfg = Debug|Any CPU
		{41259f0e-f42c-6f8c-f936-ce168dea7a8f}.Debug|Any CPU.Build.0 = Debug|Any CPU
		{73c042c2-eac4-25dc-13b2-eb35589a361c}.Debug|Any CPU.ActiveCfg = Debug|Any CPU
		{73c042c2-eac4-25dc-13b2-eb35589a361c}.Debug|Any CPU.Build.0 = Debug|Any CPU
		{f9298a1e-1b26-7bd5-327f-439458937190}.Debug|Any CPU.ActiveCfg = Debug|Any CPU
		{f9298a1e-1b26-7bd5-327f-439458937190}.Debug|Any CPU.Build.0 = Debug|Any CPU
		{58b79a08-738d-4a7e-9b95-1deca7c26ca6}.Debug|Any CPU.ActiveCfg = Debug|Any CPU
		{58b79a08-738d-4a7e-9b95-1deca7c26ca6}.Debug|Any CPU.Build.0 = Debug|Any CPU
		{d073f97a-20d3-7adc-0036-c53cbdc88c22}.Debug|Any CPU.ActiveCfg = Debug|Any CPU
		{d073f97a-20d3-7adc-0036-c53cbdc88c22}.Debug|Any CPU.Build.0 = Debug|Any CPU
		{a4cc4382-b013-2a85-406f-432a49221994}.Debug|Any CPU.ActiveCfg = Debug|Any CPU
		{a4cc4382-b013-2a85-406f-432a49221994}.Debug|Any CPU.Build.0 = Debug|Any CPU
		{326bbde7-d3b0-d1b2-a705-25957b87252f}.Debug|Any CPU.ActiveCfg = Debug|Any CPU
		{326bbde7-d3b0-d1b2-a705-25957b87252f}.Debug|Any CPU.Build.0 = Debug|Any CPU
		{24503203-1709-1374-ff53-a8f167d56b9c}.Debug|Any CPU.ActiveCfg = Debug|Any CPU
		{24503203-1709-1374-ff53-a8f167d56b9c}.Debug|Any CPU.Build.0 = Debug|Any CPU
		{b534ee50-5431-bba4-b7d7-7bd0a051a0e6}.Debug|Any CPU.ActiveCfg = Debug|Any CPU
		{b534ee50-5431-bba4-b7d7-7bd0a051a0e6}.Debug|Any CPU.Build.0 = Debug|Any CPU
		{2bdd55cc-01d7-d172-60b2-72404839effa}.Debug|Any CPU.ActiveCfg = Debug|Any CPU
		{2bdd55cc-01d7-d172-60b2-72404839effa}.Debug|Any CPU.Build.0 = Debug|Any CPU
	EndGlobalSection
	GlobalSection(SolutionProperties) = preSolution
		HideSolutionNode = FALSE
	EndGlobalSection
EndGlobal
